
Microsoft Visual Studio Solution File, Format Version 12.00
# Visual Studio Version 17
VisualStudioVersion = 17.6.33723.286
MinimumVisualStudioVersion = 10.0.40219.1
Project("{FAE04EC0-301F-11D3-BF4B-00C04F79EFBC}") = "CSVReaderTool", "CSVReaderTool\CSVReaderTool.csproj", "{49DA131A-E251-4D63-A87D-917ED0ACCE18}"
EndProject
Global
	GlobalSection(SolutionConfigurationPlatforms) = preSolution
		Debug|Any CPU = Debug|Any CPU
		Release|Any CPU = Release|Any CPU
	EndGlobalSection
	GlobalSection(ProjectConfigurationPlatforms) = postSolution
		{49DA131A-E251-4D63-A87D-917ED0ACCE18}.Debug|Any CPU.ActiveCfg = Debug|Any CPU
		{49DA131A-E251-4D63-A87D-917ED0ACCE18}.Debug|Any CPU.Build.0 = Debug|Any CPU
		{49DA131A-E251-4D63-A87D-917ED0ACCE18}.Release|Any CPU.ActiveCfg = Release|Any CPU
		{49DA131A-E251-4D63-A87D-917ED0ACCE18}.Release|Any CPU.Build.0 = Release|Any CPU
	EndGlobalSection
	GlobalSection(SolutionProperties) = preSolution
		HideSolutionNode = FALSE
	EndGlobalSection
	GlobalSection(ExtensibilityGlobals) = postSolution
		SolutionGuid = {0BC7867D-88EB-4425-9ED3-3ED3A34D914E}
	EndGlobalSection
EndGlobal
